// !$*UTF8*$!
{
	archiveVersion = 1;
	classes = {
	};
	objectVersion = 55;
	objects = {

/* Begin PBXBuildFile section */
		E2306AC72790BCA4002B9E4A /* PostGridView.swift in Sources */ = {isa = PBXBuildFile; fileRef = E2306AC62790BCA4002B9E4A /* PostGridView.swift */; };
		E2306AC92790BF88002B9E4A /* UserCell.swift in Sources */ = {isa = PBXBuildFile; fileRef = E2306AC82790BF88002B9E4A /* UserCell.swift */; };
		E2306ACB2790BF99002B9E4A /* UserListView.swift in Sources */ = {isa = PBXBuildFile; fileRef = E2306ACA2790BF99002B9E4A /* UserListView.swift */; };
		E2306ACD2790C540002B9E4A /* Extensions.swift in Sources */ = {isa = PBXBuildFile; fileRef = E2306ACC2790C540002B9E4A /* Extensions.swift */; };
		E2306ACF2790D957002B9E4A /* NotificationCell.swift in Sources */ = {isa = PBXBuildFile; fileRef = E2306ACE2790D957002B9E4A /* NotificationCell.swift */; };
		E2306AD12790DEE5002B9E4A /* NotificationListView.swift in Sources */ = {isa = PBXBuildFile; fileRef = E2306AD02790DEE5002B9E4A /* NotificationListView.swift */; };
		E2306AD32790E3E7002B9E4A /* UserStatView.swift in Sources */ = {isa = PBXBuildFile; fileRef = E2306AD22790E3E7002B9E4A /* UserStatView.swift */; };
		E2306AD52790E5B0002B9E4A /* ProfileHeaderView.swift in Sources */ = {isa = PBXBuildFile; fileRef = E2306AD42790E5B0002B9E4A /* ProfileHeaderView.swift */; };
		E2306AD72790E671002B9E4A /* ProfileActionButtonView.swift in Sources */ = {isa = PBXBuildFile; fileRef = E2306AD62790E671002B9E4A /* ProfileActionButtonView.swift */; };
		E277C29C278FC3EE00F76469 /* InstagramApp.swift in Sources */ = {isa = PBXBuildFile; fileRef = E277C29B278FC3EE00F76469 /* InstagramApp.swift */; };
		E277C2A0278FC3F100F76469 /* Assets.xcassets in Resources */ = {isa = PBXBuildFile; fileRef = E277C29F278FC3F100F76469 /* Assets.xcassets */; };
		E277C2A3278FC3F100F76469 /* Preview Assets.xcassets in Resources */ = {isa = PBXBuildFile; fileRef = E277C2A2278FC3F100F76469 /* Preview Assets.xcassets */; };
		E277C2B3278FC7BF00F76469 /* ContentView.swift in Sources */ = {isa = PBXBuildFile; fileRef = E277C2B2278FC7BF00F76469 /* ContentView.swift */; };
		E277C2C1278FCCF400F76469 /* MainTabView.swift in Sources */ = {isa = PBXBuildFile; fileRef = E277C2C0278FCCF400F76469 /* MainTabView.swift */; };
		E277C2C3278FCD2E00F76469 /* FeedView.swift in Sources */ = {isa = PBXBuildFile; fileRef = E277C2C2278FCD2E00F76469 /* FeedView.swift */; };
		E277C2C6278FCD4A00F76469 /* ProfileView.swift in Sources */ = {isa = PBXBuildFile; fileRef = E277C2C5278FCD4A00F76469 /* ProfileView.swift */; };
		E277C2C8278FCD5300F76469 /* SearchView.swift in Sources */ = {isa = PBXBuildFile; fileRef = E277C2C7278FCD5300F76469 /* SearchView.swift */; };
		E277C2CA278FCD5C00F76469 /* NavigationsView.swift in Sources */ = {isa = PBXBuildFile; fileRef = E277C2C9278FCD5C00F76469 /* NavigationsView.swift */; };
		E277C2CC278FCD6900F76469 /* UploadPostView.swift in Sources */ = {isa = PBXBuildFile; fileRef = E277C2CB278FCD6900F76469 /* UploadPostView.swift */; };
		E277C2CE278FCDB600F76469 /* CommentsView.swift in Sources */ = {isa = PBXBuildFile; fileRef = E277C2CD278FCDB600F76469 /* CommentsView.swift */; };
		E277C2D0278FD37F00F76469 /* FeedCell.swift in Sources */ = {isa = PBXBuildFile; fileRef = E277C2CF278FD37F00F76469 /* FeedCell.swift */; };
		E277C2D2278FE97100F76469 /* SearchBar.swift in Sources */ = {isa = PBXBuildFile; fileRef = E277C2D1278FE97100F76469 /* SearchBar.swift */; };
/* End PBXBuildFile section */

/* Begin PBXFileReference section */
		E2306AC62790BCA4002B9E4A /* PostGridView.swift */ = {isa = PBXFileReference; lastKnownFileType = sourcecode.swift; path = PostGridView.swift; sourceTree = "<group>"; };
		E2306AC82790BF88002B9E4A /* UserCell.swift */ = {isa = PBXFileReference; lastKnownFileType = sourcecode.swift; path = UserCell.swift; sourceTree = "<group>"; };
		E2306ACA2790BF99002B9E4A /* UserListView.swift */ = {isa = PBXFileReference; lastKnownFileType = sourcecode.swift; path = UserListView.swift; sourceTree = "<group>"; };
		E2306ACC2790C540002B9E4A /* Extensions.swift */ = {isa = PBXFileReference; lastKnownFileType = sourcecode.swift; path = Extensions.swift; sourceTree = "<group>"; };
		E2306ACE2790D957002B9E4A /* NotificationCell.swift */ = {isa = PBXFileReference; lastKnownFileType = sourcecode.swift; path = NotificationCell.swift; sourceTree = "<group>"; };
		E2306AD02790DEE5002B9E4A /* NotificationListView.swift */ = {isa = PBXFileReference; lastKnownFileType = sourcecode.swift; path = NotificationListView.swift; sourceTree = "<group>"; };
		E2306AD22790E3E7002B9E4A /* UserStatView.swift */ = {isa = PBXFileReference; lastKnownFileType = sourcecode.swift; path = UserStatView.swift; sourceTree = "<group>"; };
		E2306AD42790E5B0002B9E4A /* ProfileHeaderView.swift */ = {isa = PBXFileReference; lastKnownFileType = sourcecode.swift; path = ProfileHeaderView.swift; sourceTree = "<group>"; };
		E2306AD62790E671002B9E4A /* ProfileActionButtonView.swift */ = {isa = PBXFileReference; lastKnownFileType = sourcecode.swift; path = ProfileActionButtonView.swift; sourceTree = "<group>"; };
		E277C298278FC3EE00F76469 /* Instagram.app */ = {isa = PBXFileReference; explicitFileType = wrapper.application; includeInIndex = 0; path = Instagram.app; sourceTree = BUILT_PRODUCTS_DIR; };
		E277C29B278FC3EE00F76469 /* InstagramApp.swift */ = {isa = PBXFileReference; lastKnownFileType = sourcecode.swift; path = InstagramApp.swift; sourceTree = "<group>"; };
		E277C29F278FC3F100F76469 /* Assets.xcassets */ = {isa = PBXFileReference; lastKnownFileType = folder.assetcatalog; path = Assets.xcassets; sourceTree = "<group>"; };
		E277C2A2278FC3F100F76469 /* Preview Assets.xcassets */ = {isa = PBXFileReference; lastKnownFileType = folder.assetcatalog; path = "Preview Assets.xcassets"; sourceTree = "<group>"; };
		E277C2B2278FC7BF00F76469 /* ContentView.swift */ = {isa = PBXFileReference; lastKnownFileType = sourcecode.swift; path = ContentView.swift; sourceTree = "<group>"; };
		E277C2C0278FCCF400F76469 /* MainTabView.swift */ = {isa = PBXFileReference; lastKnownFileType = sourcecode.swift; path = MainTabView.swift; sourceTree = "<group>"; };
		E277C2C2278FCD2E00F76469 /* FeedView.swift */ = {isa = PBXFileReference; lastKnownFileType = sourcecode.swift; path = FeedView.swift; sourceTree = "<group>"; };
		E277C2C5278FCD4A00F76469 /* ProfileView.swift */ = {isa = PBXFileReference; lastKnownFileType = sourcecode.swift; path = ProfileView.swift; sourceTree = "<group>"; };
		E277C2C7278FCD5300F76469 /* SearchView.swift */ = {isa = PBXFileReference; lastKnownFileType = sourcecode.swift; path = SearchView.swift; sourceTree = "<group>"; };
		E277C2C9278FCD5C00F76469 /* NavigationsView.swift */ = {isa = PBXFileReference; lastKnownFileType = sourcecode.swift; path = NavigationsView.swift; sourceTree = "<group>"; };
		E277C2CB278FCD6900F76469 /* UploadPostView.swift */ = {isa = PBXFileReference; lastKnownFileType = sourcecode.swift; path = UploadPostView.swift; sourceTree = "<group>"; };
		E277C2CD278FCDB600F76469 /* CommentsView.swift */ = {isa = PBXFileReference; lastKnownFileType = sourcecode.swift; path = CommentsView.swift; sourceTree = "<group>"; };
		E277C2CF278FD37F00F76469 /* FeedCell.swift */ = {isa = PBXFileReference; lastKnownFileType = sourcecode.swift; path = FeedCell.swift; sourceTree = "<group>"; };
		E277C2D1278FE97100F76469 /* SearchBar.swift */ = {isa = PBXFileReference; lastKnownFileType = sourcecode.swift; path = SearchBar.swift; sourceTree = "<group>"; };
/* End PBXFileReference section */

/* Begin PBXFrameworksBuildPhase section */
		E277C295278FC3EE00F76469 /* Frameworks */ = {
			isa = PBXFrameworksBuildPhase;
			buildActionMask = 2147483647;
			files = (
			);
			runOnlyForDeploymentPostprocessing = 0;
		};
/* End PBXFrameworksBuildPhase section */

/* Begin PBXGroup section */
		E277C28F278FC3EE00F76469 = {
			isa = PBXGroup;
			children = (
				E277C29A278FC3EE00F76469 /* Instagram */,
				E277C299278FC3EE00F76469 /* Products */,
			);
			sourceTree = "<group>";
		};
		E277C299278FC3EE00F76469 /* Products */ = {
			isa = PBXGroup;
			children = (
				E277C298278FC3EE00F76469 /* Instagram.app */,
			);
			name = Products;
			sourceTree = "<group>";
		};
		E277C29A278FC3EE00F76469 /* Instagram */ = {
			isa = PBXGroup;
			children = (
				E277C2B0278FC62900F76469 /* Utils */,
				E277C2AF278FC62800F76469 /* API */,
				E277C2AE278FC62600F76469 /* ViewModel */,
				E277C2AD278FC62600F76469 /* View */,
				E277C2A9278FC60A00F76469 /* Model */,
				E277C29B278FC3EE00F76469 /* InstagramApp.swift */,
				E277C29F278FC3F100F76469 /* Assets.xcassets */,
				E277C2A1278FC3F100F76469 /* Preview Content */,
			);
			path = Instagram;
			sourceTree = "<group>";
		};
		E277C2A1278FC3F100F76469 /* Preview Content */ = {
			isa = PBXGroup;
			children = (
				E277C2A2278FC3F100F76469 /* Preview Assets.xcassets */,
			);
			path = "Preview Content";
			sourceTree = "<group>";
		};
		E277C2A9278FC60A00F76469 /* Model */ = {
			isa = PBXGroup;
			children = (
			);
			path = Model;
			sourceTree = "<group>";
		};
		E277C2AD278FC62600F76469 /* View */ = {
			isa = PBXGroup;
			children = (
				E277C2BB278FC82600F76469 /* Items */,
				E277C2BA278FC81600F76469 /* Authentication */,
				E277C2B9278FC81200F76469 /* Navigation */,
				E277C2B8278FC80D00F76469 /* Search */,
				E277C2B7278FC80900F76469 /* Comments */,
				E277C2B6278FC80400F76469 /* Feed */,
				E277C2B5278FC7FC00F76469 /* Profile */,
				E277C2B4278FC7F900F76469 /* UploadPost */,
				E277C2B1278FC7A300F76469 /* Main */,
			);
			path = View;
			sourceTree = "<group>";
		};
		E277C2AE278FC62600F76469 /* ViewModel */ = {
			isa = PBXGroup;
			children = (
				E277C2BF278FC86C00F76469 /* Profile */,
				E277C2BE278FC86300F76469 /* Authentication */,
				E277C2BD278FC86000F76469 /* Notifications */,
				E277C2BC278FC85C00F76469 /* Feed */,
			);
			path = ViewModel;
			sourceTree = "<group>";
		};
		E277C2AF278FC62800F76469 /* API */ = {
			isa = PBXGroup;
			children = (
			);
			path = API;
			sourceTree = "<group>";
		};
		E277C2B0278FC62900F76469 /* Utils */ = {
			isa = PBXGroup;
			children = (
				E2306ACC2790C540002B9E4A /* Extensions.swift */,
			);
			path = Utils;
			sourceTree = "<group>";
		};
		E277C2B1278FC7A300F76469 /* Main */ = {
			isa = PBXGroup;
			children = (
				E277C2C0278FCCF400F76469 /* MainTabView.swift */,
				E277C2B2278FC7BF00F76469 /* ContentView.swift */,
			);
			path = Main;
			sourceTree = "<group>";
		};
		E277C2B4278FC7F900F76469 /* UploadPost */ = {
			isa = PBXGroup;
			children = (
				E277C2CB278FCD6900F76469 /* UploadPostView.swift */,
			);
			path = UploadPost;
			sourceTree = "<group>";
		};
		E277C2B5278FC7FC00F76469 /* Profile */ = {
			isa = PBXGroup;
			children = (
				E277C2C5278FCD4A00F76469 /* ProfileView.swift */,
				E2306AD22790E3E7002B9E4A /* UserStatView.swift */,
				E2306AD42790E5B0002B9E4A /* ProfileHeaderView.swift */,
				E2306AD62790E671002B9E4A /* ProfileActionButtonView.swift */,
			);
			path = Profile;
			sourceTree = "<group>";
		};
		E277C2B6278FC80400F76469 /* Feed */ = {
			isa = PBXGroup;
			children = (
				E277C2C2278FCD2E00F76469 /* FeedView.swift */,
				E277C2CF278FD37F00F76469 /* FeedCell.swift */,
			);
			path = Feed;
			sourceTree = "<group>";
		};
		E277C2B7278FC80900F76469 /* Comments */ = {
			isa = PBXGroup;
			children = (
				E277C2CD278FCDB600F76469 /* CommentsView.swift */,
			);
			path = Comments;
			sourceTree = "<group>";
		};
		E277C2B8278FC80D00F76469 /* Search */ = {
			isa = PBXGroup;
			children = (
				E277C2C7278FCD5300F76469 /* SearchView.swift */,
				E277C2D1278FE97100F76469 /* SearchBar.swift */,
			);
			path = Search;
			sourceTree = "<group>";
		};
		E277C2B9278FC81200F76469 /* Navigation */ = {
			isa = PBXGroup;
			children = (
				E277C2C9278FCD5C00F76469 /* NavigationsView.swift */,
			);
			path = Navigation;
			sourceTree = "<group>";
		};
		E277C2BA278FC81600F76469 /* Authentication */ = {
			isa = PBXGroup;
			children = (
			);
			path = Authentication;
			sourceTree = "<group>";
		};
		E277C2BB278FC82600F76469 /* Items */ = {
			isa = PBXGroup;
			children = (
				E2306AC62790BCA4002B9E4A /* PostGridView.swift */,
				E2306AC82790BF88002B9E4A /* UserCell.swift */,
				E2306ACA2790BF99002B9E4A /* UserListView.swift */,
			);
			path = Items;
			sourceTree = "<group>";
		};
		E277C2BC278FC85C00F76469 /* Feed */ = {
			isa = PBXGroup;
			children = (
			);
			path = Feed;
			sourceTree = "<group>";
		};
		E277C2BD278FC86000F76469 /* Notifications */ = {
			isa = PBXGroup;
			children = (
				E2306ACE2790D957002B9E4A /* NotificationCell.swift */,
				E2306AD02790DEE5002B9E4A /* NotificationListView.swift */,
			);
			path = Notifications;
			sourceTree = "<group>";
		};
		E277C2BE278FC86300F76469 /* Authentication */ = {
			isa = PBXGroup;
			children = (
			);
			path = Authentication;
			sourceTree = "<group>";
		};
		E277C2BF278FC86C00F76469 /* Profile */ = {
			isa = PBXGroup;
			children = (
			);
			path = Profile;
			sourceTree = "<group>";
		};
/* End PBXGroup section */

/* Begin PBXNativeTarget section */
		E277C297278FC3EE00F76469 /* Instagram */ = {
			isa = PBXNativeTarget;
			buildConfigurationList = E277C2A6278FC3F100F76469 /* Build configuration list for PBXNativeTarget "Instagram" */;
			buildPhases = (
				E277C294278FC3EE00F76469 /* Sources */,
				E277C295278FC3EE00F76469 /* Frameworks */,
				E277C296278FC3EE00F76469 /* Resources */,
			);
			buildRules = (
			);
			dependencies = (
			);
			name = Instagram;
			productName = Instagram;
			productReference = E277C298278FC3EE00F76469 /* Instagram.app */;
			productType = "com.apple.product-type.application";
		};
/* End PBXNativeTarget section */

/* Begin PBXProject section */
		E277C290278FC3EE00F76469 /* Project object */ = {
			isa = PBXProject;
			attributes = {
				BuildIndependentTargetsInParallel = 1;
				LastSwiftUpdateCheck = 1310;
				LastUpgradeCheck = 1310;
				TargetAttributes = {
					E277C297278FC3EE00F76469 = {
						CreatedOnToolsVersion = 13.1;
					};
				};
			};
			buildConfigurationList = E277C293278FC3EE00F76469 /* Build configuration list for PBXProject "Instagram" */;
			compatibilityVersion = "Xcode 13.0";
			developmentRegion = en;
			hasScannedForEncodings = 0;
			knownRegions = (
				en,
				Base,
			);
			mainGroup = E277C28F278FC3EE00F76469;
			productRefGroup = E277C299278FC3EE00F76469 /* Products */;
			projectDirPath = "";
			projectRoot = "";
			targets = (
				E277C297278FC3EE00F76469 /* Instagram */,
			);
		};
/* End PBXProject section */

/* Begin PBXResourcesBuildPhase section */
		E277C296278FC3EE00F76469 /* Resources */ = {
			isa = PBXResourcesBuildPhase;
			buildActionMask = 2147483647;
			files = (
				E277C2A3278FC3F100F76469 /* Preview Assets.xcassets in Resources */,
				E277C2A0278FC3F100F76469 /* Assets.xcassets in Resources */,
			);
			runOnlyForDeploymentPostprocessing = 0;
		};
/* End PBXResourcesBuildPhase section */

/* Begin PBXSourcesBuildPhase section */
		E277C294278FC3EE00F76469 /* Sources */ = {
			isa = PBXSourcesBuildPhase;
			buildActionMask = 2147483647;
			files = (
				E277C2C3278FCD2E00F76469 /* FeedView.swift in Sources */,
				E2306AC92790BF88002B9E4A /* UserCell.swift in Sources */,
				E277C2D0278FD37F00F76469 /* FeedCell.swift in Sources */,
				E277C2B3278FC7BF00F76469 /* ContentView.swift in Sources */,
				E277C2CE278FCDB600F76469 /* CommentsView.swift in Sources */,
				E277C29C278FC3EE00F76469 /* InstagramApp.swift in Sources */,
				E2306AD72790E671002B9E4A /* ProfileActionButtonView.swift in Sources */,
				E2306AD12790DEE5002B9E4A /* NotificationListView.swift in Sources */,
				E277C2C1278FCCF400F76469 /* MainTabView.swift in Sources */,
				E2306ACB2790BF99002B9E4A /* UserListView.swift in Sources */,
				E2306ACF2790D957002B9E4A /* NotificationCell.swift in Sources */,
				E2306AD52790E5B0002B9E4A /* ProfileHeaderView.swift in Sources */,
				E277C2C8278FCD5300F76469 /* SearchView.swift in Sources */,
				E2306AD32790E3E7002B9E4A /* UserStatView.swift in Sources */,
				E277C2C6278FCD4A00F76469 /* ProfileView.swift in Sources */,
				E2306ACD2790C540002B9E4A /* Extensions.swift in Sources */,
				E2306AC72790BCA4002B9E4A /* PostGridView.swift in Sources */,
				E277C2CC278FCD6900F76469 /* UploadPostView.swift in Sources */,
				E277C2D2278FE97100F76469 /* SearchBar.swift in Sources */,
				E277C2CA278FCD5C00F76469 /* NavigationsView.swift in Sources */,
			);
			runOnlyForDeploymentPostprocessing = 0;
		};
/* End PBXSourcesBuildPhase section */

/* Begin XCBuildConfiguration section */
		E277C2A4278FC3F100F76469 /* Debug */ = {
			isa = XCBuildConfiguration;
			buildSettings = {
				ALWAYS_SEARCH_USER_PATHS = NO;
				CLANG_ANALYZER_NONNULL = YES;
				CLANG_ANALYZER_NUMBER_OBJECT_CONVERSION = YES_AGGRESSIVE;
				CLANG_CXX_LANGUAGE_STANDARD = "gnu++17";
				CLANG_CXX_LIBRARY = "libc++";
				CLANG_ENABLE_MODULES = YES;
				CLANG_ENABLE_OBJC_ARC = YES;
				CLANG_ENABLE_OBJC_WEAK = YES;
				CLANG_WARN_BLOCK_CAPTURE_AUTORELEASING = YES;
				CLANG_WARN_BOOL_CONVERSION = YES;
				CLANG_WARN_COMMA = YES;
				CLANG_WARN_CONSTANT_CONVERSION = YES;
				CLANG_WARN_DEPRECATED_OBJC_IMPLEMENTATIONS = YES;
				CLANG_WARN_DIRECT_OBJC_ISA_USAGE = YES_ERROR;
				CLANG_WARN_DOCUMENTATION_COMMENTS = YES;
				CLANG_WARN_EMPTY_BODY = YES;
				CLANG_WARN_ENUM_CONVERSION = YES;
				CLANG_WARN_INFINITE_RECURSION = YES;
				CLANG_WARN_INT_CONVERSION = YES;
				CLANG_WARN_NON_LITERAL_NULL_CONVERSION = YES;
				CLANG_WARN_OBJC_IMPLICIT_RETAIN_SELF = YES;
				CLANG_WARN_OBJC_LITERAL_CONVERSION = YES;
				CLANG_WARN_OBJC_ROOT_CLASS = YES_ERROR;
				CLANG_WARN_QUOTED_INCLUDE_IN_FRAMEWORK_HEADER = YES;
				CLANG_WARN_RANGE_LOOP_ANALYSIS = YES;
				CLANG_WARN_STRICT_PROTOTYPES = YES;
				CLANG_WARN_SUSPICIOUS_MOVE = YES;
				CLANG_WARN_UNGUARDED_AVAILABILITY = YES_AGGRESSIVE;
				CLANG_WARN_UNREACHABLE_CODE = YES;
				CLANG_WARN__DUPLICATE_METHOD_MATCH = YES;
				COPY_PHASE_STRIP = NO;
				DEBUG_INFORMATION_FORMAT = dwarf;
				ENABLE_STRICT_OBJC_MSGSEND = YES;
				ENABLE_TESTABILITY = YES;
				GCC_C_LANGUAGE_STANDARD = gnu11;
				GCC_DYNAMIC_NO_PIC = NO;
				GCC_NO_COMMON_BLOCKS = YES;
				GCC_OPTIMIZATION_LEVEL = 0;
				GCC_PREPROCESSOR_DEFINITIONS = (
					"DEBUG=1",
					"$(inherited)",
				);
				GCC_WARN_64_TO_32_BIT_CONVERSION = YES;
				GCC_WARN_ABOUT_RETURN_TYPE = YES_ERROR;
				GCC_WARN_UNDECLARED_SELECTOR = YES;
				GCC_WARN_UNINITIALIZED_AUTOS = YES_AGGRESSIVE;
				GCC_WARN_UNUSED_FUNCTION = YES;
				GCC_WARN_UNUSED_VARIABLE = YES;
				IPHONEOS_DEPLOYMENT_TARGET = 15.0;
				MTL_ENABLE_DEBUG_INFO = INCLUDE_SOURCE;
				MTL_FAST_MATH = YES;
				ONLY_ACTIVE_ARCH = YES;
				SDKROOT = iphoneos;
				SWIFT_ACTIVE_COMPILATION_CONDITIONS = DEBUG;
				SWIFT_OPTIMIZATION_LEVEL = "-Onone";
			};
			name = Debug;
		};
		E277C2A5278FC3F100F76469 /* Release */ = {
			isa = XCBuildConfiguration;
			buildSettings = {
				ALWAYS_SEARCH_USER_PATHS = NO;
				CLANG_ANALYZER_NONNULL = YES;
				CLANG_ANALYZER_NUMBER_OBJECT_CONVERSION = YES_AGGRESSIVE;
				CLANG_CXX_LANGUAGE_STANDARD = "gnu++17";
				CLANG_CXX_LIBRARY = "libc++";
				CLANG_ENABLE_MODULES = YES;
				CLANG_ENABLE_OBJC_ARC = YES;
				CLANG_ENABLE_OBJC_WEAK = YES;
				CLANG_WARN_BLOCK_CAPTURE_AUTORELEASING = YES;
				CLANG_WARN_BOOL_CONVERSION = YES;
				CLANG_WARN_COMMA = YES;
				CLANG_WARN_CONSTANT_CONVERSION = YES;
				CLANG_WARN_DEPRECATED_OBJC_IMPLEMENTATIONS = YES;
				CLANG_WARN_DIRECT_OBJC_ISA_USAGE = YES_ERROR;
				CLANG_WARN_DOCUMENTATION_COMMENTS = YES;
				CLANG_WARN_EMPTY_BODY = YES;
				CLANG_WARN_ENUM_CONVERSION = YES;
				CLANG_WARN_INFINITE_RECURSION = YES;
				CLANG_WARN_INT_CONVERSION = YES;
				CLANG_WARN_NON_LITERAL_NULL_CONVERSION = YES;
				CLANG_WARN_OBJC_IMPLICIT_RETAIN_SELF = YES;
				CLANG_WARN_OBJC_LITERAL_CONVERSION = YES;
				CLANG_WARN_OBJC_ROOT_CLASS = YES_ERROR;
				CLANG_WARN_QUOTED_INCLUDE_IN_FRAMEWORK_HEADER = YES;
				CLANG_WARN_RANGE_LOOP_ANALYSIS = YES;
				CLANG_WARN_STRICT_PROTOTYPES = YES;
				CLANG_WARN_SUSPICIOUS_MOVE = YES;
				CLANG_WARN_UNGUARDED_AVAILABILITY = YES_AGGRESSIVE;
				CLANG_WARN_UNREACHABLE_CODE = YES;
				CLANG_WARN__DUPLICATE_METHOD_MATCH = YES;
				COPY_PHASE_STRIP = NO;
				DEBUG_INFORMATION_FORMAT = "dwarf-with-dsym";
				ENABLE_NS_ASSERTIONS = NO;
				ENABLE_STRICT_OBJC_MSGSEND = YES;
				GCC_C_LANGUAGE_STANDARD = gnu11;
				GCC_NO_COMMON_BLOCKS = YES;
				GCC_WARN_64_TO_32_BIT_CONVERSION = YES;
				GCC_WARN_ABOUT_RETURN_TYPE = YES_ERROR;
				GCC_WARN_UNDECLARED_SELECTOR = YES;
				GCC_WARN_UNINITIALIZED_AUTOS = YES_AGGRESSIVE;
				GCC_WARN_UNUSED_FUNCTION = YES;
				GCC_WARN_UNUSED_VARIABLE = YES;
				IPHONEOS_DEPLOYMENT_TARGET = 15.0;
				MTL_ENABLE_DEBUG_INFO = NO;
				MTL_FAST_MATH = YES;
				SDKROOT = iphoneos;
				SWIFT_COMPILATION_MODE = wholemodule;
				SWIFT_OPTIMIZATION_LEVEL = "-O";
				VALIDATE_PRODUCT = YES;
			};
			name = Release;
		};
		E277C2A7278FC3F100F76469 /* Debug */ = {
			isa = XCBuildConfiguration;
			buildSettings = {
				ASSETCATALOG_COMPILER_APPICON_NAME = AppIcon;
				ASSETCATALOG_COMPILER_GLOBAL_ACCENT_COLOR_NAME = AccentColor;
				CODE_SIGN_STYLE = Automatic;
				CURRENT_PROJECT_VERSION = 1;
				DEVELOPMENT_ASSET_PATHS = "\"Instagram/Preview Content\"";
				DEVELOPMENT_TEAM = KC9FWQNS93;
				ENABLE_PREVIEWS = YES;
				GENERATE_INFOPLIST_FILE = YES;
				INFOPLIST_KEY_UIApplicationSceneManifest_Generation = YES;
				INFOPLIST_KEY_UIApplicationSupportsIndirectInputEvents = YES;
				INFOPLIST_KEY_UILaunchScreen_Generation = YES;
				INFOPLIST_KEY_UISupportedInterfaceOrientations_iPad = "UIInterfaceOrientationPortrait UIInterfaceOrientationPortraitUpsideDown UIInterfaceOrientationLandscapeLeft UIInterfaceOrientationLandscapeRight";
				INFOPLIST_KEY_UISupportedInterfaceOrientations_iPhone = "UIInterfaceOrientationPortrait UIInterfaceOrientationLandscapeLeft UIInterfaceOrientationLandscapeRight";
				IPHONEOS_DEPLOYMENT_TARGET = 15.0;
				LD_RUNPATH_SEARCH_PATHS = (
					"$(inherited)",
					"@executable_path/Frameworks",
				);
				MARKETING_VERSION = 1.0;
				PRODUCT_BUNDLE_IDENTIFIER = IG.Instagram;
				PRODUCT_NAME = "$(TARGET_NAME)";
				SWIFT_EMIT_LOC_STRINGS = YES;
				SWIFT_VERSION = 5.0;
				TARGETED_DEVICE_FAMILY = "1,2";
			};
			name = Debug;
		};
		E277C2A8278FC3F100F76469 /* Release */ = {
			isa = XCBuildConfiguration;
			buildSettings = {
				ASSETCATALOG_COMPILER_APPICON_NAME = AppIcon;
				ASSETCATALOG_COMPILER_GLOBAL_ACCENT_COLOR_NAME = AccentColor;
				CODE_SIGN_STYLE = Automatic;
				CURRENT_PROJECT_VERSION = 1;
				DEVELOPMENT_ASSET_PATHS = "\"Instagram/Preview Content\"";
				DEVELOPMENT_TEAM = KC9FWQNS93;
				ENABLE_PREVIEWS = YES;
				GENERATE_INFOPLIST_FILE = YES;
				INFOPLIST_KEY_UIApplicationSceneManifest_Generation = YES;
				INFOPLIST_KEY_UIApplicationSupportsIndirectInputEvents = YES;
				INFOPLIST_KEY_UILaunchScreen_Generation = YES;
				INFOPLIST_KEY_UISupportedInterfaceOrientations_iPad = "UIInterfaceOrientationPortrait UIInterfaceOrientationPortraitUpsideDown UIInterfaceOrientationLandscapeLeft UIInterfaceOrientationLandscapeRight";
				INFOPLIST_KEY_UISupportedInterfaceOrientations_iPhone = "UIInterfaceOrientationPortrait UIInterfaceOrientationLandscapeLeft UIInterfaceOrientationLandscapeRight";
				IPHONEOS_DEPLOYMENT_TARGET = 15.0;
				LD_RUNPATH_SEARCH_PATHS = (
					"$(inherited)",
					"@executable_path/Frameworks",
				);
				MARKETING_VERSION = 1.0;
				PRODUCT_BUNDLE_IDENTIFIER = IG.Instagram;
				PRODUCT_NAME = "$(TARGET_NAME)";
				SWIFT_EMIT_LOC_STRINGS = YES;
				SWIFT_VERSION = 5.0;
				TARGETED_DEVICE_FAMILY = "1,2";
			};
			name = Release;
		};
/* End XCBuildConfiguration section */

/* Begin XCConfigurationList section */
		E277C293278FC3EE00F76469 /* Build configuration list for PBXProject "Instagram" */ = {
			isa = XCConfigurationList;
			buildConfigurations = (
				E277C2A4278FC3F100F76469 /* Debug */,
				E277C2A5278FC3F100F76469 /* Release */,
			);
			defaultConfigurationIsVisible = 0;
			defaultConfigurationName = Release;
		};
		E277C2A6278FC3F100F76469 /* Build configuration list for PBXNativeTarget "Instagram" */ = {
			isa = XCConfigurationList;
			buildConfigurations = (
				E277C2A7278FC3F100F76469 /* Debug */,
				E277C2A8278FC3F100F76469 /* Release */,
			);
			defaultConfigurationIsVisible = 0;
			defaultConfigurationName = Release;
		};
/* End XCConfigurationList section */
	};
	rootObject = E277C290278FC3EE00F76469 /* Project object */;
}
